filippo.io/edwards25519 v1.1.0 h1:FNf4tywRC1HmFuKW5xopWpigGjJKiJSV0Cqo0cJWDaA=
filippo.io/edwards25519 v1.1.0/go.mod h1:BxyFTGdWcka3PhytdK4V28tE5sGfRvvvRV7EaN4VDT4=
github.com/acsl-go/logger v0.0.3 h1:0T/kFTczs2xc3YlbLXJC1NYo2Auwnlubb5fPz4JbKa0=
github.com/acsl-go/logger v0.0.3/go.mod h1:8fG1fbSfYPL0rBw0MJG+7dhwvFjA74KK0BvJXQKxl40=
github.com/elastic/elastic-transport-go/v8 v8.3.0 h1:DJGxovyQLXGr62e9nDMPSxRyWION0Bh6d9eCFBriiHo=
github.com/elastic/elastic-transport-go/v8 v8.3.0/go.mod h1:87Tcz8IVNe6rVSLdBux1o/PEItLtyabHU3naC7IoqKI=
github.com/elastic/go-elasticsearch/v8 v8.8.2 h1:3ITzPlRNadzDnbLTnMRjrAN4j4G3LvFo5gCIWDPS6pY=
github.com/elastic/go-elasticsearch/v8 v8.8.2/go.mod h1:GU1BJHO7WeamP7UhuElYwzzHtvf9SDmeVpSSy9+o6Qg=
github.com/go-sql-driver/mysql v1.8.1 h1:LedoTUt/eveggdHS9qUFC1EFSa8bU2+1pZjSRpvNJ1Y=
github.com/go-sql-driver/mysql v1.8.1/go.mod h1:wEBSXgmK//2ZFJyE+qWnIsVGmvmEKlqwuVSjsCm7DZg=
github.com/pkg/errors v0.9.1 h1:FEBLx1zS214owpjy7qsBeixbURkuhQAwrK5UwLGTwt4=
github.com/pkg/errors v0.9.1/go.mod h1:bwawxfHBFNV+L2hUp1rHADufV3IMtnDRdf1r5NINEl0=
gopkg.in/check.v1 v0.0.0-20161208181325-20d25e280405 h1:yhCVgyC4o1eVCa2tZl7eS0r+SDo693bJlVdllGtEeKM=
gopkg.in/check.v1 v0.0.0-20161208181325-20d25e280405/go.mod h1:Co6ibVJAznAaIkqp8huTwlJQCZ016jof/cbN4VW5Yz0=
gopkg.in/yaml.v3 v3.0.1 h1:fxVm/GzAzEWqLHuvctI91KS9hhNmmWOoWu0XTYJS7CA=
gopkg.in/yaml.v3 v3.0.1/go.mod h1:K4uyk7z7BCEPqu6E+C64Yfv1cQ7kz7rIZviUmN+EgEM=
